{
  "originHash" : "6f9c332f21d5f46c712edeefe7e22eab756911198928747f94658d38e2ca8ce9",
  "pins" : [
    {
      "identity" : "swift-atomics",
      "kind" : "remoteSourceControl",
      "location" : "https://github.com/apple/swift-atomics.git",
      "state" : {
        "revision" : "cd142fd2f64be2100422d658e7411e39489da985",
        "version" : "1.2.0"
      }
    },
    {
      "identity" : "swift-collections",
      "kind" : "remoteSourceControl",
      "location" : "https://github.com/apple/swift-collections.git",
      "state" : {
        "revision" : "671108c96644956dddcd89dd59c203dcdb36cec7",
        "version" : "1.1.4"
      }
    },
    {
      "identity" : "swift-json-schema",
      "kind" : "remoteSourceControl",
      "location" : "https://github.com/kevinhermawan/swift-json-schema.git",
      "state" : {
        "branch" : "main",
        "revision" : "4a9284e44d8ef2bfc863734e9ff535909ae6b27a"
      }
    },
    {
      "identity" : "swift-log",
      "kind" : "remoteSourceControl",
      "location" : "https://github.com/apple/swift-log.git",
      "state" : {
        "revision" : "3d8596ed08bd13520157f0355e35caed215ffbfa",
        "version" : "1.6.3"
      }
    },
    {
      "identity" : "swift-nio",
      "kind" : "remoteSourceControl",
      "location" : "https://github.com/apple/swift-nio.git",
      "state" : {
        "revision" : "c51907a839e63ebf0ba2076bba73dd96436bd1b9",
        "version" : "2.81.0"
      }
    },
    {
      "identity" : "swift-nio-transport-services",
      "kind" : "remoteSourceControl",
      "location" : "https://github.com/apple/swift-nio-transport-services.git",
      "state" : {
        "revision" : "3c394067c08d1225ba8442e9cffb520ded417b64",
        "version" : "1.23.1"
      }
    },
    {
      "identity" : "swift-system",
      "kind" : "remoteSourceControl",
      "location" : "https://github.com/apple/swift-system.git",
      "state" : {
        "revision" : "a34201439c74b53f0fd71ef11741af7e7caf01e1",
        "version" : "1.4.2"
      }
    },
    {
      "identity" : "websocket-actor-system",
      "kind" : "remoteSourceControl",
      "location" : "https://github.com/samalone/websocket-actor-system.git",
      "state" : {
        "branch" : "main",
        "revision" : "11cae68e6f012667927583604b148b1f4229c88b"
      }
    }
  ],
  "version" : 3
}
